
Microsoft Visual Studio Solution File, Format Version 12.00
# Visual Studio Version 17
VisualStudioVersion = 17.4.33103.184
MinimumVisualStudioVersion = 10.0.40219.1
Project("{FAE04EC0-301F-11D3-BF4B-00C04F79EFBC}") = "WebApplication4", "WebApplication4.csproj", "{D702D04C-4D51-4573-97B9-642AFAEA7CBD}"
EndProject
Global
	GlobalSection(SolutionConfigurationPlatforms) = preSolution
		Debug|Any CPU = Debug|Any CPU
		Release|Any CPU = Release|Any CPU
	EndGlobalSection
	GlobalSection(ProjectConfigurationPlatforms) = postSolution
		{D702D04C-4D51-4573-97B9-642AFAEA7CBD}.Debug|Any CPU.ActiveCfg = Debug|Any CPU
		{D702D04C-4D51-4573-97B9-642AFAEA7CBD}.Debug|Any CPU.Build.0 = Debug|Any CPU
		{D702D04C-4D51-4573-97B9-642AFAEA7CBD}.Release|Any CPU.ActiveCfg = Release|Any CPU
		{D702D04C-4D51-4573-97B9-642AFAEA7CBD}.Release|Any CPU.Build.0 = Release|Any CPU
	EndGlobalSection
	GlobalSection(SolutionProperties) = preSolution
		HideSolutionNode = FALSE
	EndGlobalSection
	GlobalSection(ExtensibilityGlobals) = postSolution
		SolutionGuid = {0A0AE551-386A-4F03-8F58-6C08FBB23823}
	EndGlobalSection
EndGlobal
